// !$*UTF8*$!
{
	archiveVersion = 1;
	classes = {
	};
	objectVersion = 50;
	objects = {

/* Begin PBXBuildFile section */
		5DC41C8120F5A6C5004AA545 /* AppDelegate.swift in Sources */ = {isa = PBXBuildFile; fileRef = 5DC41C8020F5A6C5004AA545 /* AppDelegate.swift */; };
		5DC41C8320F5A6C6004AA545 /* ViewController.swift in Sources */ = {isa = PBXBuildFile; fileRef = 5DC41C8220F5A6C6004AA545 /* ViewController.swift */; };
		5DC41C8620F5A6C6004AA545 /* Main.storyboard in Resources */ = {isa = PBXBuildFile; fileRef = 5DC41C8420F5A6C6004AA545 /* Main.storyboard */; };
		5DC41C8820F5A6C7004AA545 /* Assets.xcassets in Resources */ = {isa = PBXBuildFile; fileRef = 5DC41C8720F5A6C7004AA545 /* Assets.xcassets */; };
		5DC41C8B20F5A6C7004AA545 /* LaunchScreen.storyboard in Resources */ = {isa = PBXBuildFile; fileRef = 5DC41C8920F5A6C7004AA545 /* LaunchScreen.storyboard */; };
		5DC41C9620F5A6C7004AA545 /* tableviewCellAninationTests.swift in Sources */ = {isa = PBXBuildFile; fileRef = 5DC41C9520F5A6C7004AA545 /* tableviewCellAninationTests.swift */; };
		5DC41CA120F5A6C7004AA545 /* tableviewCellAninationUITests.swift in Sources */ = {isa = PBXBuildFile; fileRef = 5DC41CA020F5A6C7004AA545 /* tableviewCellAninationUITests.swift */; };
/* End PBXBuildFile section */

/* Begin PBXContainerItemProxy section */
		5DC41C9220F5A6C7004AA545 /* PBXContainerItemProxy */ = {
			isa = PBXContainerItemProxy;
			containerPortal = 5DC41C7520F5A6C5004AA545 /* Project object */;
			proxyType = 1;
			remoteGlobalIDString = 5DC41C7C20F5A6C5004AA545;
			remoteInfo = tableviewCellAnination;
		};
		5DC41C9D20F5A6C7004AA545 /* PBXContainerItemProxy */ = {
			isa = PBXContainerItemProxy;
			containerPortal = 5DC41C7520F5A6C5004AA545 /* Project object */;
			proxyType = 1;
			remoteGlobalIDString = 5DC41C7C20F5A6C5004AA545;
			remoteInfo = tableviewCellAnination;
		};
/* End PBXContainerItemProxy section */

/* Begin PBXFileReference section */
		5DC41C7D20F5A6C5004AA545 /* tableviewCellAnination.app */ = {isa = PBXFileReference; explicitFileType = wrapper.application; includeInIndex = 0; path = tableviewCellAnination.app; sourceTree = BUILT_PRODUCTS_DIR; };
		5DC41C8020F5A6C5004AA545 /* AppDelegate.swift */ = {isa = PBXFileReference; lastKnownFileType = sourcecode.swift; path = AppDelegate.swift; sourceTree = "<group>"; };
		5DC41C8220F5A6C6004AA545 /* ViewController.swift */ = {isa = PBXFileReference; lastKnownFileType = sourcecode.swift; path = ViewController.swift; sourceTree = "<group>"; };
		5DC41C8520F5A6C6004AA545 /* Base */ = {isa = PBXFileReference; lastKnownFileType = file.storyboard; name = Base; path = Base.lproj/Main.storyboard; sourceTree = "<group>"; };
		5DC41C8720F5A6C7004AA545 /* Assets.xcassets */ = {isa = PBXFileReference; lastKnownFileType = folder.assetcatalog; path = Assets.xcassets; sourceTree = "<group>"; };
		5DC41C8A20F5A6C7004AA545 /* Base */ = {isa = PBXFileReference; lastKnownFileType = file.storyboard; name = Base; path = Base.lproj/LaunchScreen.storyboard; sourceTree = "<group>"; };
		5DC41C8C20F5A6C7004AA545 /* Info.plist */ = {isa = PBXFileReference; lastKnownFileType = text.plist.xml; path = Info.plist; sourceTree = "<group>"; };
		5DC41C9120F5A6C7004AA545 /* tableviewCellAninationTests.xctest */ = {isa = PBXFileReference; explicitFileType = wrapper.cfbundle; includeInIndex = 0; path = tableviewCellAninationTests.xctest; sourceTree = BUILT_PRODUCTS_DIR; };
		5DC41C9520F5A6C7004AA545 /* tableviewCellAninationTests.swift */ = {isa = PBXFileReference; lastKnownFileType = sourcecode.swift; path = tableviewCellAninationTests.swift; sourceTree = "<group>"; };
		5DC41C9720F5A6C7004AA545 /* Info.plist */ = {isa = PBXFileReference; lastKnownFileType = text.plist.xml; path = Info.plist; sourceTree = "<group>"; };
		5DC41C9C20F5A6C7004AA545 /* tableviewCellAninationUITests.xctest */ = {isa = PBXFileReference; explicitFileType = wrapper.cfbundle; includeInIndex = 0; path = tableviewCellAninationUITests.xctest; sourceTree = BUILT_PRODUCTS_DIR; };
		5DC41CA020F5A6C7004AA545 /* tableviewCellAninationUITests.swift */ = {isa = PBXFileReference; lastKnownFileType = sourcecode.swift; path = tableviewCellAninationUITests.swift; sourceTree = "<group>"; };
		5DC41CA220F5A6C7004AA545 /* Info.plist */ = {isa = PBXFileReference; lastKnownFileType = text.plist.xml; path = Info.plist; sourceTree = "<group>"; };
/* End PBXFileReference section */

/* Begin PBXFrameworksBuildPhase section */
		5DC41C7A20F5A6C5004AA545 /* Frameworks */ = {
			isa = PBXFrameworksBuildPhase;
			buildActionMask = 2147483647;
			files = (
			);
			runOnlyForDeploymentPostprocessing = 0;
		};
		5DC41C8E20F5A6C7004AA545 /* Frameworks */ = {
			isa = PBXFrameworksBuildPhase;
			buildActionMask = 2147483647;
			files = (
			);
			runOnlyForDeploymentPostprocessing = 0;
		};
		5DC41C9920F5A6C7004AA545 /* Frameworks */ = {
			isa = PBXFrameworksBuildPhase;
			buildActionMask = 2147483647;
			files = (
			);
			runOnlyForDeploymentPostprocessing = 0;
		};
/* End PBXFrameworksBuildPhase section */

/* Begin PBXGroup section */
		5DC41C7420F5A6C5004AA545 = {
			isa = PBXGroup;
			children = (
				5DC41C7F20F5A6C5004AA545 /* tableviewCellAnination */,
				5DC41C9420F5A6C7004AA545 /* tableviewCellAninationTests */,
				5DC41C9F20F5A6C7004AA545 /* tableviewCellAninationUITests */,
				5DC41C7E20F5A6C5004AA545 /* Products */,
			);
			sourceTree = "<group>";
		};
		5DC41C7E20F5A6C5004AA545 /* Products */ = {
			isa = PBXGroup;
			children = (
				5DC41C7D20F5A6C5004AA545 /* tableviewCellAnination.app */,
				5DC41C9120F5A6C7004AA545 /* tableviewCellAninationTests.xctest */,
				5DC41C9C20F5A6C7004AA545 /* tableviewCellAninationUITests.xctest */,
			);
			name = Products;
			sourceTree = "<group>";
		};
		5DC41C7F20F5A6C5004AA545 /* tableviewCellAnination */ = {
			isa = PBXGroup;
			children = (
				5DC41C8020F5A6C5004AA545 /* AppDelegate.swift */,
				5DC41C8220F5A6C6004AA545 /* ViewController.swift */,
				5DC41C8420F5A6C6004AA545 /* Main.storyboard */,
				5DC41C8720F5A6C7004AA545 /* Assets.xcassets */,
				5DC41C8920F5A6C7004AA545 /* LaunchScreen.storyboard */,
				5DC41C8C20F5A6C7004AA545 /* Info.plist */,
			);
			path = tableviewCellAnination;
			sourceTree = "<group>";
		};
		5DC41C9420F5A6C7004AA545 /* tableviewCellAninationTests */ = {
			isa = PBXGroup;
			children = (
				5DC41C9520F5A6C7004AA545 /* tableviewCellAninationTests.swift */,
				5DC41C9720F5A6C7004AA545 /* Info.plist */,
			);
			path = tableviewCellAninationTests;
			sourceTree = "<group>";
		};
		5DC41C9F20F5A6C7004AA545 /* tableviewCellAninationUITests */ = {
			isa = PBXGroup;
			children = (
				5DC41CA020F5A6C7004AA545 /* tableviewCellAninationUITests.swift */,
				5DC41CA220F5A6C7004AA545 /* Info.plist */,
			);
			path = tableviewCellAninationUITests;
			sourceTree = "<group>";
		};
/* End PBXGroup section */

/* Begin PBXNativeTarget section */
		5DC41C7C20F5A6C5004AA545 /* tableviewCellAnination */ = {
			isa = PBXNativeTarget;
			buildConfigurationList = 5DC41CA520F5A6C7004AA545 /* Build configuration list for PBXNativeTarget "tableviewCellAnination" */;
			buildPhases = (
				5DC41C7920F5A6C5004AA545 /* Sources */,
				5DC41C7A20F5A6C5004AA545 /* Frameworks */,
				5DC41C7B20F5A6C5004AA545 /* Resources */,
			);
			buildRules = (
			);
			dependencies = (
			);
			name = tableviewCellAnination;
			productName = tableviewCellAnination;
			productReference = 5DC41C7D20F5A6C5004AA545 /* tableviewCellAnination.app */;
			productType = "com.apple.product-type.application";
		};
		5DC41C9020F5A6C7004AA545 /* tableviewCellAninationTests */ = {
			isa = PBXNativeTarget;
			buildConfigurationList = 5DC41CA820F5A6C7004AA545 /* Build configuration list for PBXNativeTarget "tableviewCellAninationTests" */;
			buildPhases = (
				5DC41C8D20F5A6C7004AA545 /* Sources */,
				5DC41C8E20F5A6C7004AA545 /* Frameworks */,
				5DC41C8F20F5A6C7004AA545 /* Resources */,
			);
			buildRules = (
			);
			dependencies = (
				5DC41C9320F5A6C7004AA545 /* PBXTargetDependency */,
			);
			name = tableviewCellAninationTests;
			productName = tableviewCellAninationTests;
			productReference = 5DC41C9120F5A6C7004AA545 /* tableviewCellAninationTests.xctest */;
			productType = "com.apple.product-type.bundle.unit-test";
		};
		5DC41C9B20F5A6C7004AA545 /* tableviewCellAninationUITests */ = {
			isa = PBXNativeTarget;
			buildConfigurationList = 5DC41CAB20F5A6C7004AA545 /* Build configuration list for PBXNativeTarget "tableviewCellAninationUITests" */;
			buildPhases = (
				5DC41C9820F5A6C7004AA545 /* Sources */,
				5DC41C9920F5A6C7004AA545 /* Frameworks */,
				5DC41C9A20F5A6C7004AA545 /* Resources */,
			);
			buildRules = (
			);
			dependencies = (
				5DC41C9E20F5A6C7004AA545 /* PBXTargetDependency */,
			);
			name = tableviewCellAninationUITests;
			productName = tableviewCellAninationUITests;
			productReference = 5DC41C9C20F5A6C7004AA545 /* tableviewCellAninationUITests.xctest */;
			productType = "com.apple.product-type.bundle.ui-testing";
		};
/* End PBXNativeTarget section */

/* Begin PBXProject section */
		5DC41C7520F5A6C5004AA545 /* Project object */ = {
			isa = PBXProject;
			attributes = {
				LastSwiftUpdateCheck = 0940;
				LastUpgradeCheck = 0940;
				ORGANIZATIONNAME = "qiaochun ji";
				TargetAttributes = {
					5DC41C7C20F5A6C5004AA545 = {
						CreatedOnToolsVersion = 9.4.1;
					};
					5DC41C9020F5A6C7004AA545 = {
						CreatedOnToolsVersion = 9.4.1;
						TestTargetID = 5DC41C7C20F5A6C5004AA545;
					};
					5DC41C9B20F5A6C7004AA545 = {
						CreatedOnToolsVersion = 9.4.1;
						TestTargetID = 5DC41C7C20F5A6C5004AA545;
					};
				};
			};
			buildConfigurationList = 5DC41C7820F5A6C5004AA545 /* Build configuration list for PBXProject "tableviewCellAnination" */;
			compatibilityVersion = "Xcode 9.3";
			developmentRegion = en;
			hasScannedForEncodings = 0;
			knownRegions = (
				en,
				Base,
			);
			mainGroup = 5DC41C7420F5A6C5004AA545;
			productRefGroup = 5DC41C7E20F5A6C5004AA545 /* Products */;
			projectDirPath = "";
			projectRoot = "";
			targets = (
				5DC41C7C20F5A6C5004AA545 /* tableviewCellAnination */,
				5DC41C9020F5A6C7004AA545 /* tableviewCellAninationTests */,
				5DC41C9B20F5A6C7004AA545 /* tableviewCellAninationUITests */,
			);
		};
/* End PBXProject section */

/* Begin PBXResourcesBuildPhase section */
		5DC41C7B20F5A6C5004AA545 /* Resources */ = {
			isa = PBXResourcesBuildPhase;
			buildActionMask = 2147483647;
			files = (
				5DC41C8B20F5A6C7004AA545 /* LaunchScreen.storyboard in Resources */,
				5DC41C8820F5A6C7004AA545 /* Assets.xcassets in Resources */,
				5DC41C8620F5A6C6004AA545 /* Main.storyboard in Resources */,
			);
			runOnlyForDeploymentPostprocessing = 0;
		};
		5DC41C8F20F5A6C7004AA545 /* Resources */ = {
			isa = PBXResourcesBuildPhase;
			buildActionMask = 2147483647;
			files = (
			);
			runOnlyForDeploymentPostprocessing = 0;
		};
		5DC41C9A20F5A6C7004AA545 /* Resources */ = {
			isa = PBXResourcesBuildPhase;
			buildActionMask = 2147483647;
			files = (
			);
			runOnlyForDeploymentPostprocessing = 0;
		};
/* End PBXResourcesBuildPhase section */

/* Begin PBXSourcesBuildPhase section */
		5DC41C7920F5A6C5004AA545 /* Sources */ = {
			isa = PBXSourcesBuildPhase;
			buildActionMask = 2147483647;
			files = (
				5DC41C8320F5A6C6004AA545 /* ViewController.swift in Sources */,
				5DC41C8120F5A6C5004AA545 /* AppDelegate.swift in Sources */,
			);
			runOnlyForDeploymentPostprocessing = 0;
		};
		5DC41C8D20F5A6C7004AA545 /* Sources */ = {
			isa = PBXSourcesBuildPhase;
			buildActionMask = 2147483647;
			files = (
				5DC41C9620F5A6C7004AA545 /* tableviewCellAninationTests.swift in Sources */,
			);
			runOnlyForDeploymentPostprocessing = 0;
		};
		5DC41C9820F5A6C7004AA545 /* Sources */ = {
			isa = PBXSourcesBuildPhase;
			buildActionMask = 2147483647;
			files = (
				5DC41CA120F5A6C7004AA545 /* tableviewCellAninationUITests.swift in Sources */,
			);
			runOnlyForDeploymentPostprocessing = 0;
		};
/* End PBXSourcesBuildPhase section */

/* Begin PBXTargetDependency section */
		5DC41C9320F5A6C7004AA545 /* PBXTargetDependency */ = {
			isa = PBXTargetDependency;
			target = 5DC41C7C20F5A6C5004AA545 /* tableviewCellAnination */;
			targetProxy = 5DC41C9220F5A6C7004AA545 /* PBXContainerItemProxy */;
		};
		5DC41C9E20F5A6C7004AA545 /* PBXTargetDependency */ = {
			isa = PBXTargetDependency;
			target = 5DC41C7C20F5A6C5004AA545 /* tableviewCellAnination */;
			targetProxy = 5DC41C9D20F5A6C7004AA545 /* PBXContainerItemProxy */;
		};
/* End PBXTargetDependency section */

/* Begin PBXVariantGroup section */
		5DC41C8420F5A6C6004AA545 /* Main.storyboard */ = {
			isa = PBXVariantGroup;
			children = (
				5DC41C8520F5A6C6004AA545 /* Base */,
			);
			name = Main.storyboard;
			sourceTree = "<group>";
		};
		5DC41C8920F5A6C7004AA545 /* LaunchScreen.storyboard */ = {
			isa = PBXVariantGroup;
			children = (
				5DC41C8A20F5A6C7004AA545 /* Base */,
			);
			name = LaunchScreen.storyboard;
			sourceTree = "<group>";
		};
/* End PBXVariantGroup section */

/* Begin XCBuildConfiguration section */
		5DC41CA320F5A6C7004AA545 /* Debug */ = {
			isa = XCBuildConfiguration;
			buildSettings = {
				ALWAYS_SEARCH_USER_PATHS = NO;
				CLANG_ANALYZER_NONNULL = YES;
				CLANG_ANALYZER_NUMBER_OBJECT_CONVERSION = YES_AGGRESSIVE;
				CLANG_CXX_LANGUAGE_STANDARD = "gnu++14";
				CLANG_CXX_LIBRARY = "libc++";
				CLANG_ENABLE_MODULES = YES;
				CLANG_ENABLE_OBJC_ARC = YES;
				CLANG_ENABLE_OBJC_WEAK = YES;
				CLANG_WARN_BLOCK_CAPTURE_AUTORELEASING = YES;
				CLANG_WARN_BOOL_CONVERSION = YES;
				CLANG_WARN_COMMA = YES;
				CLANG_WARN_CONSTANT_CONVERSION = YES;
				CLANG_WARN_DEPRECATED_OBJC_IMPLEMENTATIONS = YES;
				CLANG_WARN_DIRECT_OBJC_ISA_USAGE = YES_ERROR;
				CLANG_WARN_DOCUMENTATION_COMMENTS = YES;
				CLANG_WARN_EMPTY_BODY = YES;
				CLANG_WARN_ENUM_CONVERSION = YES;
				CLANG_WARN_INFINITE_RECURSION = YES;
				CLANG_WARN_INT_CONVERSION = YES;
				CLANG_WARN_NON_LITERAL_NULL_CONVERSION = YES;
				CLANG_WARN_OBJC_IMPLICIT_RETAIN_SELF = YES;
				CLANG_WARN_OBJC_LITERAL_CONVERSION = YES;
				CLANG_WARN_OBJC_ROOT_CLASS = YES_ERROR;
				CLANG_WARN_RANGE_LOOP_ANALYSIS = YES;
				CLANG_WARN_STRICT_PROTOTYPES = YES;
				CLANG_WARN_SUSPICIOUS_MOVE = YES;
				CLANG_WARN_UNGUARDED_AVAILABILITY = YES_AGGRESSIVE;
				CLANG_WARN_UNREACHABLE_CODE = YES;
				CLANG_WARN__DUPLICATE_METHOD_MATCH = YES;
				CODE_SIGN_IDENTITY = "iPhone Developer";
				COPY_PHASE_STRIP = NO;
				DEBUG_INFORMATION_FORMAT = dwarf;
				ENABLE_STRICT_OBJC_MSGSEND = YES;
				ENABLE_TESTABILITY = YES;
				GCC_C_LANGUAGE_STANDARD = gnu11;
				GCC_DYNAMIC_NO_PIC = NO;
				GCC_NO_COMMON_BLOCKS = YES;
				GCC_OPTIMIZATION_LEVEL = 0;
				GCC_PREPROCESSOR_DEFINITIONS = (
					"DEBUG=1",
					"$(inherited)",
				);
				GCC_WARN_64_TO_32_BIT_CONVERSION = YES;
				GCC_WARN_ABOUT_RETURN_TYPE = YES_ERROR;
				GCC_WARN_UNDECLARED_SELECTOR = YES;
				GCC_WARN_UNINITIALIZED_AUTOS = YES_AGGRESSIVE;
				GCC_WARN_UNUSED_FUNCTION = YES;
				GCC_WARN_UNUSED_VARIABLE = YES;
				IPHONEOS_DEPLOYMENT_TARGET = 11.4;
				MTL_ENABLE_DEBUG_INFO = YES;
				ONLY_ACTIVE_ARCH = YES;
				SDKROOT = iphoneos;
				SWIFT_ACTIVE_COMPILATION_CONDITIONS = DEBUG;
				SWIFT_OPTIMIZATION_LEVEL = "-Onone";
			};
			name = Debug;
		};
		5DC41CA420F5A6C7004AA545 /* Release */ = {
			isa = XCBuildConfiguration;
			buildSettings = {
				ALWAYS_SEARCH_USER_PATHS = NO;
				CLANG_ANALYZER_NONNULL = YES;
				CLANG_ANALYZER_NUMBER_OBJECT_CONVERSION = YES_AGGRESSIVE;
				CLANG_CXX_LANGUAGE_STANDARD = "gnu++14";
				CLANG_CXX_LIBRARY = "libc++";
				CLANG_ENABLE_MODULES = YES;
				CLANG_ENABLE_OBJC_ARC = YES;
				CLANG_ENABLE_OBJC_WEAK = YES;
				CLANG_WARN_BLOCK_CAPTURE_AUTORELEASING = YES;
				CLANG_WARN_BOOL_CONVERSION = YES;
				CLANG_WARN_COMMA = YES;
				CLANG_WARN_CONSTANT_CONVERSION = YES;
				CLANG_WARN_DEPRECATED_OBJC_IMPLEMENTATIONS = YES;
				CLANG_WARN_DIRECT_OBJC_ISA_USAGE = YES_ERROR;
				CLANG_WARN_DOCUMENTATION_COMMENTS = YES;
				CLANG_WARN_EMPTY_BODY = YES;
				CLANG_WARN_ENUM_CONVERSION = YES;
				CLANG_WARN_INFINITE_RECURSION = YES;
				CLANG_WARN_INT_CONVERSION = YES;
				CLANG_WARN_NON_LITERAL_NULL_CONVERSION = YES;
				CLANG_WARN_OBJC_IMPLICIT_RETAIN_SELF = YES;
				CLANG_WARN_OBJC_LITERAL_CONVERSION = YES;
				CLANG_WARN_OBJC_ROOT_CLASS = YES_ERROR;
				CLANG_WARN_RANGE_LOOP_ANALYSIS = YES;
				CLANG_WARN_STRICT_PROTOTYPES = YES;
				CLANG_WARN_SUSPICIOUS_MOVE = YES;
				CLANG_WARN_UNGUARDED_AVAILABILITY = YES_AGGRESSIVE;
				CLANG_WARN_UNREACHABLE_CODE = YES;
				CLANG_WARN__DUPLICATE_METHOD_MATCH = YES;
				CODE_SIGN_IDENTITY = "iPhone Developer";
				COPY_PHASE_STRIP = NO;
				DEBUG_INFORMATION_FORMAT = "dwarf-with-dsym";
				ENABLE_NS_ASSERTIONS = NO;
				ENABLE_STRICT_OBJC_MSGSEND = YES;
				GCC_C_LANGUAGE_STANDARD = gnu11;
				GCC_NO_COMMON_BLOCKS = YES;
				GCC_WARN_64_TO_32_BIT_CONVERSION = YES;
				GCC_WARN_ABOUT_RETURN_TYPE = YES_ERROR;
				GCC_WARN_UNDECLARED_SELECTOR = YES;
				GCC_WARN_UNINITIALIZED_AUTOS = YES_AGGRESSIVE;
				GCC_WARN_UNUSED_FUNCTION = YES;
				GCC_WARN_UNUSED_VARIABLE = YES;
				IPHONEOS_DEPLOYMENT_TARGET = 11.4;
				MTL_ENABLE_DEBUG_INFO = NO;
				SDKROOT = iphoneos;
				SWIFT_COMPILATION_MODE = wholemodule;
				SWIFT_OPTIMIZATION_LEVEL = "-O";
				VALIDATE_PRODUCT = YES;
			};
			name = Release;
		};
		5DC41CA620F5A6C7004AA545 /* Debug */ = {
			isa = XCBuildConfiguration;
			buildSettings = {
				ASSETCATALOG_COMPILER_APPICON_NAME = AppIcon;
				CODE_SIGN_STYLE = Automatic;
				INFOPLIST_FILE = tableviewCellAnination/Info.plist;
				LD_RUNPATH_SEARCH_PATHS = (
					"$(inherited)",
					"@executable_path/Frameworks",
				);
				PRODUCT_BUNDLE_IDENTIFIER = com.zhidoushi.tableviewCellAnination;
				PRODUCT_NAME = "$(TARGET_NAME)";
				SWIFT_VERSION = 4.0;
				TARGETED_DEVICE_FAMILY = "1,2";
			};
			name = Debug;
		};
		5DC41CA720F5A6C7004AA545 /* Release */ = {
			isa = XCBuildConfiguration;
			buildSettings = {
				ASSETCATALOG_COMPILER_APPICON_NAME = AppIcon;
				CODE_SIGN_STYLE = Automatic;
				INFOPLIST_FILE = tableviewCellAnination/Info.plist;
				LD_RUNPATH_SEARCH_PATHS = (
					"$(inherited)",
					"@executable_path/Frameworks",
				);
				PRODUCT_BUNDLE_IDENTIFIER = com.zhidoushi.tableviewCellAnination;
				PRODUCT_NAME = "$(TARGET_NAME)";
				SWIFT_VERSION = 4.0;
				TARGETED_DEVICE_FAMILY = "1,2";
			};
			name = Release;
		};
		5DC41CA920F5A6C7004AA545 /* Debug */ = {
			isa = XCBuildConfiguration;
			buildSettings = {
				ALWAYS_EMBED_SWIFT_STANDARD_LIBRARIES = YES;
				BUNDLE_LOADER = "$(TEST_HOST)";
				CODE_SIGN_STYLE = Automatic;
				INFOPLIST_FILE = tableviewCellAninationTests/Info.plist;
				LD_RUNPATH_SEARCH_PATHS = (
					"$(inherited)",
					"@executable_path/Frameworks",
					"@loader_path/Frameworks",
				);
				PRODUCT_BUNDLE_IDENTIFIER = com.zhidoushi.tableviewCellAninationTests;
				PRODUCT_NAME = "$(TARGET_NAME)";
				SWIFT_VERSION = 4.0;
				TARGETED_DEVICE_FAMILY = "1,2";
				TEST_HOST = "$(BUILT_PRODUCTS_DIR)/tableviewCellAnination.app/tableviewCellAnination";
			};
			name = Debug;
		};
		5DC41CAA20F5A6C7004AA545 /* Release */ = {
			isa = XCBuildConfiguration;
			buildSettings = {
				ALWAYS_EMBED_SWIFT_STANDARD_LIBRARIES = YES;
				BUNDLE_LOADER = "$(TEST_HOST)";
				CODE_SIGN_STYLE = Automatic;
				INFOPLIST_FILE = tableviewCellAninationTests/Info.plist;
				LD_RUNPATH_SEARCH_PATHS = (
					"$(inherited)",
					"@executable_path/Frameworks",
					"@loader_path/Frameworks",
				);
				PRODUCT_BUNDLE_IDENTIFIER = com.zhidoushi.tableviewCellAninationTests;
				PRODUCT_NAME = "$(TARGET_NAME)";
				SWIFT_VERSION = 4.0;
				TARGETED_DEVICE_FAMILY = "1,2";
				TEST_HOST = "$(BUILT_PRODUCTS_DIR)/tableviewCellAnination.app/tableviewCellAnination";
			};
			name = Release;
		};
		5DC41CAC20F5A6C7004AA545 /* Debug */ = {
			isa = XCBuildConfiguration;
			buildSettings = {
				ALWAYS_EMBED_SWIFT_STANDARD_LIBRARIES = YES;
				CODE_SIGN_STYLE = Automatic;
				INFOPLIST_FILE = tableviewCellAninationUITests/Info.plist;
				LD_RUNPATH_SEARCH_PATHS = (
					"$(inherited)",
					"@executable_path/Frameworks",
					"@loader_path/Frameworks",
				);
				PRODUCT_BUNDLE_IDENTIFIER = com.zhidoushi.tableviewCellAninationUITests;
				PRODUCT_NAME = "$(TARGET_NAME)";
				SWIFT_VERSION = 4.0;
				TARGETED_DEVICE_FAMILY = "1,2";
				TEST_TARGET_NAME = tableviewCellAnination;
			};
			name = Debug;
		};
		5DC41CAD20F5A6C7004AA545 /* Release */ = {
			isa = XCBuildConfiguration;
			buildSettings = {
				ALWAYS_EMBED_SWIFT_STANDARD_LIBRARIES = YES;
				CODE_SIGN_STYLE = Automatic;
				INFOPLIST_FILE = tableviewCellAninationUITests/Info.plist;
				LD_RUNPATH_SEARCH_PATHS = (
					"$(inherited)",
					"@executable_path/Frameworks",
					"@loader_path/Frameworks",
				);
				PRODUCT_BUNDLE_IDENTIFIER = com.zhidoushi.tableviewCellAninationUITests;
				PRODUCT_NAME = "$(TARGET_NAME)";
				SWIFT_VERSION = 4.0;
				TARGETED_DEVICE_FAMILY = "1,2";
				TEST_TARGET_NAME = tableviewCellAnination;
			};
			name = Release;
		};
/* End XCBuildConfiguration section */

/* Begin XCConfigurationList section */
		5DC41C7820F5A6C5004AA545 /* Build configuration list for PBXProject "tableviewCellAnination" */ = {
			isa = XCConfigurationList;
			buildConfigurations = (
				5DC41CA320F5A6C7004AA545 /* Debug */,
				5DC41CA420F5A6C7004AA545 /* Release */,
			);
			defaultConfigurationIsVisible = 0;
			defaultConfigurationName = Release;
		};
		5DC41CA520F5A6C7004AA545 /* Build configuration list for PBXNativeTarget "tableviewCellAnination" */ = {
			isa = XCConfigurationList;
			buildConfigurations = (
				5DC41CA620F5A6C7004AA545 /* Debug */,
				5DC41CA720F5A6C7004AA545 /* Release */,
			);
			defaultConfigurationIsVisible = 0;
			defaultConfigurationName = Release;
		};
		5DC41CA820F5A6C7004AA545 /* Build configuration list for PBXNativeTarget "tableviewCellAninationTests" */ = {
			isa = XCConfigurationList;
			buildConfigurations = (
				5DC41CA920F5A6C7004AA545 /* Debug */,
				5DC41CAA20F5A6C7004AA545 /* Release */,
			);
			defaultConfigurationIsVisible = 0;
			defaultConfigurationName = Release;
		};
		5DC41CAB20F5A6C7004AA545 /* Build configuration list for PBXNativeTarget "tableviewCellAninationUITests" */ = {
			isa = XCConfigurationList;
			buildConfigurations = (
				5DC41CAC20F5A6C7004AA545 /* Debug */,
				5DC41CAD20F5A6C7004AA545 /* Release */,
			);
			defaultConfigurationIsVisible = 0;
			defaultConfigurationName = Release;
		};
/* End XCConfigurationList section */
	};
	rootObject = 5DC41C7520F5A6C5004AA545 /* Project object */;
}
